{
  "originHash" : "8320cffa9b619578c35f5fbdb6e7393b53e9ff8d2b2796ee6fd17e148adf68a6",
  "pins" : [
    {
      "identity" : "latexswiftui",
      "kind" : "remoteSourceControl",
      "location" : "https://github.com/colinc86/LaTeXSwiftUI",
      "state" : {
        "revision" : "c45e0fd45f64923c49c5904a9f9626bc8939f05f",
        "version" : "1.5.0"
      }
    },
    {
      "identity" : "mathjaxswift",
      "kind" : "remoteSourceControl",
      "location" : "https://github.com/colinc86/MathJaxSwift",
      "state" : {
        "revision" : "e23d6eab941da699ac4a60fb0e60f3ba5c937459",
        "version" : "3.4.0"
      }
    },
    {
      "identity" : "networkimage",
      "kind" : "remoteSourceControl",
      "location" : "https://github.com/gonzalezreal/NetworkImage",
      "state" : {
        "revision" : "2849f5323265386e200484b0d0f896e73c3411b9",
        "version" : "6.0.1"
      }
    },
    {
      "identity" : "swift-cmark",
      "kind" : "remoteSourceControl",
      "location" : "https://github.com/swiftlang/swift-cmark",
      "state" : {
        "revision" : "5d9bdaa4228b381639fff09403e39a04926e2dbe",
        "version" : "0.7.1"
      }
    },
    {
      "identity" : "swift-html-entities",
      "kind" : "remoteSourceControl",
      "location" : "https://github.com/Kitura/swift-html-entities",
      "state" : {
        "revision" : "d8ca73197f59ce260c71bd6d7f6eb8bbdccf508b",
        "version" : "4.0.1"
      }
    },
    {
      "identity" : "swift-markdown-ui",
      "kind" : "remoteSourceControl",
      "location" : "https://github.com/gonzalezreal/swift-markdown-ui",
      "state" : {
        "revision" : "5f613358148239d0292c0cef674a3c2314737f9e",
        "version" : "2.4.1"
      }
    },
    {
      "identity" : "swiftdraw",
      "kind" : "remoteSourceControl",
      "location" : "https://github.com/swhitty/SwiftDraw",
      "state" : {
        "revision" : "17d55c17540f3eb10685058e803d7ae73d9bf9d3",
        "version" : "0.25.3"
      }
    }
  ],
  "version" : 3
}
